// !$*UTF8*$!
{
	archiveVersion = 1;
	classes = {
	};
	objectVersion = 56;
	objects = {

/* Begin PBXBuildFile section */
		2E209AEC2A5AD631005E8128 /* main.cpp in Sources */ = {isa = PBXBuildFile; fileRef = 2E209AEB2A5AD631005E8128 /* main.cpp */; };
		2E209AFB2A5ADDAA005E8128 /* libavdevice.a in Frameworks */ = {isa = PBXBuildFile; fileRef = 2E209AF32A5ADDAA005E8128 /* libavdevice.a */; };
		2E209AFC2A5ADDAA005E8128 /* libavcodec.a in Frameworks */ = {isa = PBXBuildFile; fileRef = 2E209AF42A5ADDAA005E8128 /* libavcodec.a */; };
		2E209AFD2A5ADDAA005E8128 /* libavfilter.a in Frameworks */ = {isa = PBXBuildFile; fileRef = 2E209AF52A5ADDAA005E8128 /* libavfilter.a */; };
		2E209AFE2A5ADDAA005E8128 /* libpostproc.a in Frameworks */ = {isa = PBXBuildFile; fileRef = 2E209AF62A5ADDAA005E8128 /* libpostproc.a */; };
		2E209AFF2A5ADDAA005E8128 /* libswresample.a in Frameworks */ = {isa = PBXBuildFile; fileRef = 2E209AF72A5ADDAA005E8128 /* libswresample.a */; };
		2E209B002A5ADDAA005E8128 /* libavformat.a in Frameworks */ = {isa = PBXBuildFile; fileRef = 2E209AF82A5ADDAA005E8128 /* libavformat.a */; };
		2E209B012A5ADDAA005E8128 /* libavutil.a in Frameworks */ = {isa = PBXBuildFile; fileRef = 2E209AF92A5ADDAA005E8128 /* libavutil.a */; };
		2E209B022A5ADDAA005E8128 /* libswscale.a in Frameworks */ = {isa = PBXBuildFile; fileRef = 2E209AFA2A5ADDAA005E8128 /* libswscale.a */; };
		2E80BAF02AAC5387007104D7 /* libSDL2.a in Frameworks */ = {isa = PBXBuildFile; fileRef = 2E80BAEC2AAC5387007104D7 /* libSDL2.a */; };
		2E80BAF12AAC5387007104D7 /* libSDL2main.a in Frameworks */ = {isa = PBXBuildFile; fileRef = 2E80BAED2AAC5387007104D7 /* libSDL2main.a */; };
		2EB0E7C72B87145600C1527A /* VideoState.cpp in Sources */ = {isa = PBXBuildFile; fileRef = 2EB0E7C52B87145600C1527A /* VideoState.cpp */; };
		2EB0E7CA2B87158500C1527A /* Clock.cpp in Sources */ = {isa = PBXBuildFile; fileRef = 2EB0E7C82B87158500C1527A /* Clock.cpp */; };
		2EB0E7D02B87212200C1527A /* AudioQueue.cpp in Sources */ = {isa = PBXBuildFile; fileRef = 2EB0E7CE2B87212200C1527A /* AudioQueue.cpp */; };
		2EB0E7D32B87213E00C1527A /* VideoQueue.cpp in Sources */ = {isa = PBXBuildFile; fileRef = 2EB0E7D12B87213E00C1527A /* VideoQueue.cpp */; };
		2EB854F22B887FC300E2497C /* Decoder.cpp in Sources */ = {isa = PBXBuildFile; fileRef = 2EB854F02B887FC300E2497C /* Decoder.cpp */; };
/* End PBXBuildFile section */

/* Begin PBXCopyFilesBuildPhase section */
		2E209AE62A5AD631005E8128 /* CopyFiles */ = {
			isa = PBXCopyFilesBuildPhase;
			buildActionMask = 2147483647;
			dstPath = /usr/share/man/man1/;
			dstSubfolderSpec = 0;
			files = (
			);
			runOnlyForDeploymentPostprocessing = 1;
		};
/* End PBXCopyFilesBuildPhase section */

/* Begin PBXFileReference section */
		2E209AE82A5AD631005E8128 /* video_player */ = {isa = PBXFileReference; explicitFileType = "compiled.mach-o.executable"; includeInIndex = 0; path = video_player; sourceTree = BUILT_PRODUCTS_DIR; };
		2E209AEB2A5AD631005E8128 /* main.cpp */ = {isa = PBXFileReference; lastKnownFileType = sourcecode.cpp.cpp; path = main.cpp; sourceTree = "<group>"; };
		2E209AF32A5ADDAA005E8128 /* libavdevice.a */ = {isa = PBXFileReference; lastKnownFileType = archive.ar; name = libavdevice.a; path = ../../../../../../opt/homebrew/Cellar/ffmpeg/6.0/lib/libavdevice.a; sourceTree = "<group>"; };
		2E209AF42A5ADDAA005E8128 /* libavcodec.a */ = {isa = PBXFileReference; lastKnownFileType = archive.ar; name = libavcodec.a; path = ../../../../../../opt/homebrew/Cellar/ffmpeg/6.0/lib/libavcodec.a; sourceTree = "<group>"; };
		2E209AF52A5ADDAA005E8128 /* libavfilter.a */ = {isa = PBXFileReference; lastKnownFileType = archive.ar; name = libavfilter.a; path = ../../../../../../opt/homebrew/Cellar/ffmpeg/6.0/lib/libavfilter.a; sourceTree = "<group>"; };
		2E209AF62A5ADDAA005E8128 /* libpostproc.a */ = {isa = PBXFileReference; lastKnownFileType = archive.ar; name = libpostproc.a; path = ../../../../../../opt/homebrew/Cellar/ffmpeg/6.0/lib/libpostproc.a; sourceTree = "<group>"; };
		2E209AF72A5ADDAA005E8128 /* libswresample.a */ = {isa = PBXFileReference; lastKnownFileType = archive.ar; name = libswresample.a; path = ../../../../../../opt/homebrew/Cellar/ffmpeg/6.0/lib/libswresample.a; sourceTree = "<group>"; };
		2E209AF82A5ADDAA005E8128 /* libavformat.a */ = {isa = PBXFileReference; lastKnownFileType = archive.ar; name = libavformat.a; path = ../../../../../../opt/homebrew/Cellar/ffmpeg/6.0/lib/libavformat.a; sourceTree = "<group>"; };
		2E209AF92A5ADDAA005E8128 /* libavutil.a */ = {isa = PBXFileReference; lastKnownFileType = archive.ar; name = libavutil.a; path = ../../../../../../opt/homebrew/Cellar/ffmpeg/6.0/lib/libavutil.a; sourceTree = "<group>"; };
		2E209AFA2A5ADDAA005E8128 /* libswscale.a */ = {isa = PBXFileReference; lastKnownFileType = archive.ar; name = libswscale.a; path = ../../../../../../opt/homebrew/Cellar/ffmpeg/6.0/lib/libswscale.a; sourceTree = "<group>"; };
		2E80BAEC2AAC5387007104D7 /* libSDL2.a */ = {isa = PBXFileReference; lastKnownFileType = archive.ar; name = libSDL2.a; path = ../../../../../../opt/homebrew/Cellar/sdl2/2.28.2/lib/libSDL2.a; sourceTree = "<group>"; };
		2E80BAED2AAC5387007104D7 /* libSDL2main.a */ = {isa = PBXFileReference; lastKnownFileType = archive.ar; name = libSDL2main.a; path = ../../../../../../opt/homebrew/Cellar/sdl2/2.28.2/lib/libSDL2main.a; sourceTree = "<group>"; };
		2EB0E7C52B87145600C1527A /* VideoState.cpp */ = {isa = PBXFileReference; lastKnownFileType = sourcecode.cpp.cpp; path = VideoState.cpp; sourceTree = "<group>"; };
		2EB0E7C62B87145600C1527A /* VideoState.hpp */ = {isa = PBXFileReference; lastKnownFileType = sourcecode.cpp.h; path = VideoState.hpp; sourceTree = "<group>"; };
		2EB0E7C82B87158500C1527A /* Clock.cpp */ = {isa = PBXFileReference; lastKnownFileType = sourcecode.cpp.cpp; path = Clock.cpp; sourceTree = "<group>"; };
		2EB0E7C92B87158500C1527A /* Clock.hpp */ = {isa = PBXFileReference; lastKnownFileType = sourcecode.cpp.h; path = Clock.hpp; sourceTree = "<group>"; };
		2EB0E7CC2B871D9800C1527A /* ThreadSafeQueueTemp.hpp */ = {isa = PBXFileReference; lastKnownFileType = sourcecode.cpp.h; path = ThreadSafeQueueTemp.hpp; sourceTree = "<group>"; };
		2EB0E7CE2B87212200C1527A /* AudioQueue.cpp */ = {isa = PBXFileReference; lastKnownFileType = sourcecode.cpp.cpp; path = AudioQueue.cpp; sourceTree = "<group>"; };
		2EB0E7CF2B87212200C1527A /* AudioQueue.hpp */ = {isa = PBXFileReference; lastKnownFileType = sourcecode.cpp.h; path = AudioQueue.hpp; sourceTree = "<group>"; };
		2EB0E7D12B87213E00C1527A /* VideoQueue.cpp */ = {isa = PBXFileReference; lastKnownFileType = sourcecode.cpp.cpp; path = VideoQueue.cpp; sourceTree = "<group>"; };
		2EB0E7D22B87213E00C1527A /* VideoQueue.hpp */ = {isa = PBXFileReference; lastKnownFileType = sourcecode.cpp.h; path = VideoQueue.hpp; sourceTree = "<group>"; };
		2EB854F02B887FC300E2497C /* Decoder.cpp */ = {isa = PBXFileReference; lastKnownFileType = sourcecode.cpp.cpp; path = Decoder.cpp; sourceTree = "<group>"; };
		2EB854F12B887FC300E2497C /* Decoder.hpp */ = {isa = PBXFileReference; lastKnownFileType = sourcecode.cpp.h; path = Decoder.hpp; sourceTree = "<group>"; };
/* End PBXFileReference section */

/* Begin PBXFrameworksBuildPhase section */
		2E209AE52A5AD631005E8128 /* Frameworks */ = {
			isa = PBXFrameworksBuildPhase;
			buildActionMask = 2147483647;
			files = (
				2E80BAF02AAC5387007104D7 /* libSDL2.a in Frameworks */,
				2E80BAF12AAC5387007104D7 /* libSDL2main.a in Frameworks */,
				2E209AFC2A5ADDAA005E8128 /* libavcodec.a in Frameworks */,
				2E209AFB2A5ADDAA005E8128 /* libavdevice.a in Frameworks */,
				2E209AFD2A5ADDAA005E8128 /* libavfilter.a in Frameworks */,
				2E209B002A5ADDAA005E8128 /* libavformat.a in Frameworks */,
				2E209B012A5ADDAA005E8128 /* libavutil.a in Frameworks */,
				2E209AFE2A5ADDAA005E8128 /* libpostproc.a in Frameworks */,
				2E209AFF2A5ADDAA005E8128 /* libswresample.a in Frameworks */,
				2E209B022A5ADDAA005E8128 /* libswscale.a in Frameworks */,
			);
			runOnlyForDeploymentPostprocessing = 0;
		};
/* End PBXFrameworksBuildPhase section */

/* Begin PBXGroup section */
		2E209ADF2A5AD631005E8128 = {
			isa = PBXGroup;
			children = (
				2E209AEA2A5AD631005E8128 /* video_player */,
				2E209AE92A5AD631005E8128 /* Products */,
				2E209AF22A5ADC56005E8128 /* Frameworks */,
			);
			sourceTree = "<group>";
		};
		2E209AE92A5AD631005E8128 /* Products */ = {
			isa = PBXGroup;
			children = (
				2E209AE82A5AD631005E8128 /* video_player */,
			);
			name = Products;
			sourceTree = "<group>";
		};
		2E209AEA2A5AD631005E8128 /* video_player */ = {
			isa = PBXGroup;
			children = (
				2E209AEB2A5AD631005E8128 /* main.cpp */,
				2EB0E7C52B87145600C1527A /* VideoState.cpp */,
				2EB0E7C62B87145600C1527A /* VideoState.hpp */,
				2EB0E7C82B87158500C1527A /* Clock.cpp */,
				2EB0E7C92B87158500C1527A /* Clock.hpp */,
				2EB0E7CC2B871D9800C1527A /* ThreadSafeQueueTemp.hpp */,
				2EB0E7CE2B87212200C1527A /* AudioQueue.cpp */,
				2EB0E7CF2B87212200C1527A /* AudioQueue.hpp */,
				2EB0E7D12B87213E00C1527A /* VideoQueue.cpp */,
				2EB0E7D22B87213E00C1527A /* VideoQueue.hpp */,
				2EB854F02B887FC300E2497C /* Decoder.cpp */,
				2EB854F12B887FC300E2497C /* Decoder.hpp */,
			);
			path = video_player;
			sourceTree = "<group>";
		};
		2E209AF22A5ADC56005E8128 /* Frameworks */ = {
			isa = PBXGroup;
			children = (
				2E80BAEC2AAC5387007104D7 /* libSDL2.a */,
				2E80BAED2AAC5387007104D7 /* libSDL2main.a */,
				2E209AF42A5ADDAA005E8128 /* libavcodec.a */,
				2E209AF32A5ADDAA005E8128 /* libavdevice.a */,
				2E209AF52A5ADDAA005E8128 /* libavfilter.a */,
				2E209AF82A5ADDAA005E8128 /* libavformat.a */,
				2E209AF92A5ADDAA005E8128 /* libavutil.a */,
				2E209AF62A5ADDAA005E8128 /* libpostproc.a */,
				2E209AF72A5ADDAA005E8128 /* libswresample.a */,
				2E209AFA2A5ADDAA005E8128 /* libswscale.a */,
			);
			name = Frameworks;
			sourceTree = "<group>";
		};
/* End PBXGroup section */

/* Begin PBXNativeTarget section */
		2E209AE72A5AD631005E8128 /* video_player */ = {
			isa = PBXNativeTarget;
			buildConfigurationList = 2E209AEF2A5AD631005E8128 /* Build configuration list for PBXNativeTarget "video_player" */;
			buildPhases = (
				2E209AE42A5AD631005E8128 /* Sources */,
				2E209AE52A5AD631005E8128 /* Frameworks */,
				2E209AE62A5AD631005E8128 /* CopyFiles */,
			);
			buildRules = (
			);
			dependencies = (
			);
			name = video_player;
			productName = video_player;
			productReference = 2E209AE82A5AD631005E8128 /* video_player */;
			productType = "com.apple.product-type.tool";
		};
/* End PBXNativeTarget section */

/* Begin PBXProject section */
		2E209AE02A5AD631005E8128 /* Project object */ = {
			isa = PBXProject;
			attributes = {
				BuildIndependentTargetsInParallel = 1;
				LastUpgradeCheck = 1500;
				TargetAttributes = {
					2E209AE72A5AD631005E8128 = {
						CreatedOnToolsVersion = 15.0;
					};
				};
			};
			buildConfigurationList = 2E209AE32A5AD631005E8128 /* Build configuration list for PBXProject "video_player" */;
			compatibilityVersion = "Xcode 14.0";
			developmentRegion = en;
			hasScannedForEncodings = 0;
			knownRegions = (
				en,
				Base,
			);
			mainGroup = 2E209ADF2A5AD631005E8128;
			productRefGroup = 2E209AE92A5AD631005E8128 /* Products */;
			projectDirPath = "";
			projectRoot = "";
			targets = (
				2E209AE72A5AD631005E8128 /* video_player */,
			);
		};
/* End PBXProject section */

/* Begin PBXSourcesBuildPhase section */
		2E209AE42A5AD631005E8128 /* Sources */ = {
			isa = PBXSourcesBuildPhase;
			buildActionMask = 2147483647;
			files = (
				2E209AEC2A5AD631005E8128 /* main.cpp in Sources */,
				2EB0E7CA2B87158500C1527A /* Clock.cpp in Sources */,
				2EB854F22B887FC300E2497C /* Decoder.cpp in Sources */,
				2EB0E7D02B87212200C1527A /* AudioQueue.cpp in Sources */,
				2EB0E7D32B87213E00C1527A /* VideoQueue.cpp in Sources */,
				2EB0E7C72B87145600C1527A /* VideoState.cpp in Sources */,
			);
			runOnlyForDeploymentPostprocessing = 0;
		};
/* End PBXSourcesBuildPhase section */

/* Begin XCBuildConfiguration section */
		2E209AED2A5AD631005E8128 /* Debug */ = {
			isa = XCBuildConfiguration;
			buildSettings = {
				ALWAYS_SEARCH_USER_PATHS = NO;
				ASSETCATALOG_COMPILER_GENERATE_SWIFT_ASSET_SYMBOL_EXTENSIONS = YES;
				CLANG_ANALYZER_NONNULL = YES;
				CLANG_ANALYZER_NUMBER_OBJECT_CONVERSION = YES_AGGRESSIVE;
				CLANG_CXX_LANGUAGE_STANDARD = "gnu++20";
				CLANG_ENABLE_MODULES = YES;
				CLANG_ENABLE_OBJC_ARC = YES;
				CLANG_ENABLE_OBJC_WEAK = YES;
				CLANG_WARN_BLOCK_CAPTURE_AUTORELEASING = YES;
				CLANG_WARN_BOOL_CONVERSION = YES;
				CLANG_WARN_COMMA = YES;
				CLANG_WARN_CONSTANT_CONVERSION = YES;
				CLANG_WARN_DEPRECATED_OBJC_IMPLEMENTATIONS = YES;
				CLANG_WARN_DIRECT_OBJC_ISA_USAGE = YES_ERROR;
				CLANG_WARN_DOCUMENTATION_COMMENTS = YES;
				CLANG_WARN_EMPTY_BODY = YES;
				CLANG_WARN_ENUM_CONVERSION = YES;
				CLANG_WARN_INFINITE_RECURSION = YES;
				CLANG_WARN_INT_CONVERSION = YES;
				CLANG_WARN_NON_LITERAL_NULL_CONVERSION = YES;
				CLANG_WARN_OBJC_IMPLICIT_RETAIN_SELF = YES;
				CLANG_WARN_OBJC_LITERAL_CONVERSION = YES;
				CLANG_WARN_OBJC_ROOT_CLASS = YES_ERROR;
				CLANG_WARN_QUOTED_INCLUDE_IN_FRAMEWORK_HEADER = YES;
				CLANG_WARN_RANGE_LOOP_ANALYSIS = YES;
				CLANG_WARN_STRICT_PROTOTYPES = YES;
				CLANG_WARN_SUSPICIOUS_MOVE = YES;
				CLANG_WARN_UNGUARDED_AVAILABILITY = YES_AGGRESSIVE;
				CLANG_WARN_UNREACHABLE_CODE = YES;
				CLANG_WARN__DUPLICATE_METHOD_MATCH = YES;
				COPY_PHASE_STRIP = NO;
				DEBUG_INFORMATION_FORMAT = dwarf;
				ENABLE_STRICT_OBJC_MSGSEND = YES;
				ENABLE_TESTABILITY = YES;
				ENABLE_USER_SCRIPT_SANDBOXING = YES;
				GCC_C_LANGUAGE_STANDARD = gnu17;
				GCC_DYNAMIC_NO_PIC = NO;
				GCC_NO_COMMON_BLOCKS = YES;
				GCC_OPTIMIZATION_LEVEL = 0;
				GCC_PREPROCESSOR_DEFINITIONS = (
					"DEBUG=1",
					"$(inherited)",
				);
				GCC_WARN_64_TO_32_BIT_CONVERSION = YES;
				GCC_WARN_ABOUT_RETURN_TYPE = YES_ERROR;
				GCC_WARN_UNDECLARED_SELECTOR = YES;
				GCC_WARN_UNINITIALIZED_AUTOS = YES_AGGRESSIVE;
				GCC_WARN_UNUSED_FUNCTION = YES;
				GCC_WARN_UNUSED_VARIABLE = YES;
				LOCALIZATION_PREFERS_STRING_CATALOGS = YES;
				MACOSX_DEPLOYMENT_TARGET = 14.0;
				MTL_ENABLE_DEBUG_INFO = INCLUDE_SOURCE;
				MTL_FAST_MATH = YES;
				ONLY_ACTIVE_ARCH = YES;
				SDKROOT = macosx;
			};
			name = Debug;
		};
		2E209AEE2A5AD631005E8128 /* Release */ = {
			isa = XCBuildConfiguration;
			buildSettings = {
				ALWAYS_SEARCH_USER_PATHS = NO;
				ASSETCATALOG_COMPILER_GENERATE_SWIFT_ASSET_SYMBOL_EXTENSIONS = YES;
				CLANG_ANALYZER_NONNULL = YES;
				CLANG_ANALYZER_NUMBER_OBJECT_CONVERSION = YES_AGGRESSIVE;
				CLANG_CXX_LANGUAGE_STANDARD = "gnu++20";
				CLANG_ENABLE_MODULES = YES;
				CLANG_ENABLE_OBJC_ARC = YES;
				CLANG_ENABLE_OBJC_WEAK = YES;
				CLANG_WARN_BLOCK_CAPTURE_AUTORELEASING = YES;
				CLANG_WARN_BOOL_CONVERSION = YES;
				CLANG_WARN_COMMA = YES;
				CLANG_WARN_CONSTANT_CONVERSION = YES;
				CLANG_WARN_DEPRECATED_OBJC_IMPLEMENTATIONS = YES;
				CLANG_WARN_DIRECT_OBJC_ISA_USAGE = YES_ERROR;
				CLANG_WARN_DOCUMENTATION_COMMENTS = YES;
				CLANG_WARN_EMPTY_BODY = YES;
				CLANG_WARN_ENUM_CONVERSION = YES;
				CLANG_WARN_INFINITE_RECURSION = YES;
				CLANG_WARN_INT_CONVERSION = YES;
				CLANG_WARN_NON_LITERAL_NULL_CONVERSION = YES;
				CLANG_WARN_OBJC_IMPLICIT_RETAIN_SELF = YES;
				CLANG_WARN_OBJC_LITERAL_CONVERSION = YES;
				CLANG_WARN_OBJC_ROOT_CLASS = YES_ERROR;
				CLANG_WARN_QUOTED_INCLUDE_IN_FRAMEWORK_HEADER = YES;
				CLANG_WARN_RANGE_LOOP_ANALYSIS = YES;
				CLANG_WARN_STRICT_PROTOTYPES = YES;
				CLANG_WARN_SUSPICIOUS_MOVE = YES;
				CLANG_WARN_UNGUARDED_AVAILABILITY = YES_AGGRESSIVE;
				CLANG_WARN_UNREACHABLE_CODE = YES;
				CLANG_WARN__DUPLICATE_METHOD_MATCH = YES;
				COPY_PHASE_STRIP = NO;
				DEBUG_INFORMATION_FORMAT = "dwarf-with-dsym";
				ENABLE_NS_ASSERTIONS = NO;
				ENABLE_STRICT_OBJC_MSGSEND = YES;
				ENABLE_USER_SCRIPT_SANDBOXING = YES;
				GCC_C_LANGUAGE_STANDARD = gnu17;
				GCC_NO_COMMON_BLOCKS = YES;
				GCC_WARN_64_TO_32_BIT_CONVERSION = YES;
				GCC_WARN_ABOUT_RETURN_TYPE = YES_ERROR;
				GCC_WARN_UNDECLARED_SELECTOR = YES;
				GCC_WARN_UNINITIALIZED_AUTOS = YES_AGGRESSIVE;
				GCC_WARN_UNUSED_FUNCTION = YES;
				GCC_WARN_UNUSED_VARIABLE = YES;
				LOCALIZATION_PREFERS_STRING_CATALOGS = YES;
				MACOSX_DEPLOYMENT_TARGET = 14.0;
				MTL_ENABLE_DEBUG_INFO = NO;
				MTL_FAST_MATH = YES;
				SDKROOT = macosx;
			};
			name = Release;
		};
		2E209AF02A5AD631005E8128 /* Debug */ = {
			isa = XCBuildConfiguration;
			buildSettings = {
				CLANG_CXX_LANGUAGE_STANDARD = "c++0x";
				CODE_SIGN_STYLE = Automatic;
				GCC_C_LANGUAGE_STANDARD = c11;
				LIBRARY_SEARCH_PATHS = (
					"$(inherited)",
					/opt/homebrew/Cellar/ffmpeg/6.0_1/lib,
					/opt/homebrew/Cellar/sdl2/2.28.3/lib,
				);
				PRODUCT_NAME = "$(TARGET_NAME)";
				USER_HEADER_SEARCH_PATHS = (
					/opt/homebrew/Cellar/ffmpeg/6.0_1/include,
					/opt/homebrew/Cellar/sdl2/2.28.3/include,
				);
			};
			name = Debug;
		};
		2E209AF12A5AD631005E8128 /* Release */ = {
			isa = XCBuildConfiguration;
			buildSettings = {
				CLANG_CXX_LANGUAGE_STANDARD = "c++0x";
				CODE_SIGN_STYLE = Automatic;
				GCC_C_LANGUAGE_STANDARD = c11;
				LIBRARY_SEARCH_PATHS = (
					"$(inherited)",
					/opt/homebrew/Cellar/ffmpeg/6.0_1/lib,
					/opt/homebrew/Cellar/sdl2/2.28.3/lib,
				);
				PRODUCT_NAME = "$(TARGET_NAME)";
				USER_HEADER_SEARCH_PATHS = (
					/opt/homebrew/Cellar/ffmpeg/6.0_1/include,
					/opt/homebrew/Cellar/sdl2/2.28.3/include,
				);
			};
			name = Release;
		};
/* End XCBuildConfiguration section */

/* Begin XCConfigurationList section */
		2E209AE32A5AD631005E8128 /* Build configuration list for PBXProject "video_player" */ = {
			isa = XCConfigurationList;
			buildConfigurations = (
				2E209AED2A5AD631005E8128 /* Debug */,
				2E209AEE2A5AD631005E8128 /* Release */,
			);
			defaultConfigurationIsVisible = 0;
			defaultConfigurationName = Release;
		};
		2E209AEF2A5AD631005E8128 /* Build configuration list for PBXNativeTarget "video_player" */ = {
			isa = XCConfigurationList;
			buildConfigurations = (
				2E209AF02A5AD631005E8128 /* Debug */,
				2E209AF12A5AD631005E8128 /* Release */,
			);
			defaultConfigurationIsVisible = 0;
			defaultConfigurationName = Release;
		};
/* End XCConfigurationList section */
	};
	rootObject = 2E209AE02A5AD631005E8128 /* Project object */;
}
